{
  "version": 4,
  "terraform_version": "1.13.1",
  "serial": 6,
  "lineage": "63d4ac6d-6688-7800-4168-65f799bd9b28",
  "outputs": {},
  "resources": [
    {
      "module": "module.s3_bucket",
      "mode": "managed",
      "type": "aws_s3_bucket",
      "name": "hello_world_bucket",
      "provider": "provider[\"registry.terraform.io/hashicorp/aws\"]",
      "instances": [
        {
          "schema_version": 0,
          "attributes": {
            "acceleration_status": "",
            "acl": null,
            "arn": "arn:aws:s3:::daily-system-design-bucket-prod",
            "bucket": "daily-system-design-bucket-prod",
            "bucket_domain_name": "daily-system-design-bucket-prod.s3.amazonaws.com",
            "bucket_prefix": "",
            "bucket_regional_domain_name": "daily-system-design-bucket-prod.s3.us-west-2.amazonaws.com",
            "cors_rule": [],
            "force_destroy": null,
            "grant": [
              {
                "id": "49f5c3c859759e93b8a83fbbb4c3835bb098f97af00f1ea2dcb3987bcfa5f751",
                "permissions": [
                  "FULL_CONTROL"
                ],
                "type": "CanonicalUser",
                "uri": ""
              }
            ],
            "hosted_zone_id": "Z3BJ6K6RIION7M",
            "id": "daily-system-design-bucket-prod",
            "lifecycle_rule": [],
            "logging": [],
            "object_lock_configuration": [],
            "object_lock_enabled": false,
            "policy": "",
            "region": "us-west-2",
            "replication_configuration": [],
            "request_payer": "BucketOwner",
            "server_side_encryption_configuration": [
              {
                "rule": [
                  {
                    "apply_server_side_encryption_by_default": [
                      {
                        "kms_master_key_id": "",
                        "sse_algorithm": "AES256"
                      }
                    ],
                    "bucket_key_enabled": false
                  }
                ]
              }
            ],
            "tags": {},
            "tags_all": {},
            "timeouts": null,
            "versioning": [
              {
                "enabled": false,
                "mfa_delete": false
              }
            ],
            "website": [],
            "website_domain": null,
            "website_endpoint": null
          },
          "sensitive_attributes": [],
          "identity_schema_version": 0,
          "private": "eyJlMmJmYjczMC1lY2FhLTExZTYtOGY4OC0zNDM2M2JjN2M0YzAiOnsiY3JlYXRlIjoxMjAwMDAwMDAwMDAwLCJkZWxldGUiOjM2MDAwMDAwMDAwMDAsInJlYWQiOjEyMDAwMDAwMDAwMDAsInVwZGF0ZSI6MTIwMDAwMDAwMDAwMH0sInNjaGVtYV92ZXJzaW9uIjoiMCJ9"
        }
      ]
    },
    {
      "module": "module.ses_admin_email",
      "mode": "managed",
      "type": "aws_ses_email_identity",
      "name": "admin_email_identity",
      "provider": "provider[\"registry.terraform.io/hashicorp/aws\"]",
      "instances": [
        {
          "schema_version": 0,
          "attributes": {
            "arn": "arn:aws:ses:us-west-2:197710836780:identity/wisepup257+dailysystemdesign-prod@gmail.com",
            "email": "wisepup257+dailysystemdesign-prod@gmail.com",
            "id": "wisepup257+dailysystemdesign-prod@gmail.com"
          },
          "sensitive_attributes": [],
          "identity_schema_version": 0,
          "private": "bnVsbA=="
        }
      ]
    }
  ],
  "check_results": [
    {
      "object_kind": "var",
      "config_addr": "var.env",
      "status": "pass",
      "objects": [
        {
          "object_addr": "var.env",
          "status": "pass"
        }
      ]
    }
  ]
}
